// !$*UTF8*$!
{
	archiveVersion = 1;
	classes = {
	};
	objectVersion = 46;
	objects = {

/* Begin PBXBuildFile section */
		1D83E1B035191512703D97A9 /* Pods_SigningTest.framework in Frameworks */ = {isa = PBXBuildFile; fileRef = 9FCD2CEDB5A95CA80451FEA0 /* Pods_SigningTest.framework */; };
		8990E8FE1E5BCFAB0050DD6F /* AppDelegate.swift in Sources */ = {isa = PBXBuildFile; fileRef = 8990E8FD1E5BCFAB0050DD6F /* AppDelegate.swift */; };
		8990E9001E5BCFAB0050DD6F /* ViewController.swift in Sources */ = {isa = PBXBuildFile; fileRef = 8990E8FF1E5BCFAB0050DD6F /* ViewController.swift */; };
		8990E9031E5BCFAB0050DD6F /* Main.storyboard in Resources */ = {isa = PBXBuildFile; fileRef = 8990E9011E5BCFAB0050DD6F /* Main.storyboard */; };
		8990E9051E5BCFAB0050DD6F /* Assets.xcassets in Resources */ = {isa = PBXBuildFile; fileRef = 8990E9041E5BCFAB0050DD6F /* Assets.xcassets */; };
		8990E9081E5BCFAB0050DD6F /* LaunchScreen.storyboard in Resources */ = {isa = PBXBuildFile; fileRef = 8990E9061E5BCFAB0050DD6F /* LaunchScreen.storyboard */; };
/* End PBXBuildFile section */

/* Begin PBXFileReference section */
		150D3FDB078C8DD314027A94 /* Pods-SigningTest.release.xcconfig */ = {isa = PBXFileReference; includeInIndex = 1; lastKnownFileType = text.xcconfig; name = "Pods-SigningTest.release.xcconfig"; path = "Pods/Target Support Files/Pods-SigningTest/Pods-SigningTest.release.xcconfig"; sourceTree = "<group>"; };
		537B960ED2BDB865470DF836 /* Pods-SigningTest.staging.xcconfig */ = {isa = PBXFileReference; includeInIndex = 1; lastKnownFileType = text.xcconfig; name = "Pods-SigningTest.staging.xcconfig"; path = "Pods/Target Support Files/Pods-SigningTest/Pods-SigningTest.staging.xcconfig"; sourceTree = "<group>"; };
		8990E8FA1E5BCFAB0050DD6F /* DEBUGVALUEHERE.app */ = {isa = PBXFileReference; explicitFileType = wrapper.application; includeInIndex = 0; path = DEBUGVALUEHERE.app; sourceTree = BUILT_PRODUCTS_DIR; };
		8990E8FD1E5BCFAB0050DD6F /* AppDelegate.swift */ = {isa = PBXFileReference; lastKnownFileType = sourcecode.swift; path = AppDelegate.swift; sourceTree = "<group>"; };
		8990E8FF1E5BCFAB0050DD6F /* ViewController.swift */ = {isa = PBXFileReference; lastKnownFileType = sourcecode.swift; path = ViewController.swift; sourceTree = "<group>"; };
		8990E9021E5BCFAB0050DD6F /* Base */ = {isa = PBXFileReference; lastKnownFileType = file.storyboard; name = Base; path = Base.lproj/Main.storyboard; sourceTree = "<group>"; };
		8990E9041E5BCFAB0050DD6F /* Assets.xcassets */ = {isa = PBXFileReference; lastKnownFileType = folder.assetcatalog; path = Assets.xcassets; sourceTree = "<group>"; };
		8990E9071E5BCFAB0050DD6F /* Base */ = {isa = PBXFileReference; lastKnownFileType = file.storyboard; name = Base; path = Base.lproj/LaunchScreen.storyboard; sourceTree = "<group>"; };
		8990E9091E5BCFAB0050DD6F /* Info.plist */ = {isa = PBXFileReference; lastKnownFileType = text.plist.xml; path = Info.plist; sourceTree = "<group>"; };
		89D2DDDF1E5BF7D000548048 /* Debug.xcconfig */ = {isa = PBXFileReference; fileEncoding = 4; lastKnownFileType = text.xcconfig; path = Debug.xcconfig; sourceTree = "<group>"; };
		89D2DDE01E5BF7D000548048 /* Release.xcconfig */ = {isa = PBXFileReference; fileEncoding = 4; lastKnownFileType = text.xcconfig; path = Release.xcconfig; sourceTree = "<group>"; };
		89D2DDE11E5BF7D000548048 /* Staging.xcconfig */ = {isa = PBXFileReference; fileEncoding = 4; lastKnownFileType = text.xcconfig; path = Staging.xcconfig; sourceTree = "<group>"; };
		89D2DDE51E5D575D00548048 /* SigningTest-Bridging-Header.h */ = {isa = PBXFileReference; lastKnownFileType = sourcecode.c.h; path = "SigningTest-Bridging-Header.h"; sourceTree = "<group>"; };
		9FCD2CEDB5A95CA80451FEA0 /* Pods_SigningTest.framework */ = {isa = PBXFileReference; explicitFileType = wrapper.framework; includeInIndex = 0; path = Pods_SigningTest.framework; sourceTree = BUILT_PRODUCTS_DIR; };
		ADA688EC8FFE13B776280751 /* Pods-SigningTest.debug.xcconfig */ = {isa = PBXFileReference; includeInIndex = 1; lastKnownFileType = text.xcconfig; name = "Pods-SigningTest.debug.xcconfig"; path = "Pods/Target Support Files/Pods-SigningTest/Pods-SigningTest.debug.xcconfig"; sourceTree = "<group>"; };
/* End PBXFileReference section */

/* Begin PBXFrameworksBuildPhase section */
		8990E8F71E5BCFAB0050DD6F /* Frameworks */ = {
			isa = PBXFrameworksBuildPhase;
			buildActionMask = 2147483647;
			files = (
				1D83E1B035191512703D97A9 /* Pods_SigningTest.framework in Frameworks */,
			);
			runOnlyForDeploymentPostprocessing = 0;
		};
/* End PBXFrameworksBuildPhase section */

/* Begin PBXGroup section */
		316383143A7C0C03988D1104 /* Pods */ = {
			isa = PBXGroup;
			children = (
				ADA688EC8FFE13B776280751 /* Pods-SigningTest.debug.xcconfig */,
				150D3FDB078C8DD314027A94 /* Pods-SigningTest.release.xcconfig */,
				537B960ED2BDB865470DF836 /* Pods-SigningTest.staging.xcconfig */,
			);
			name = Pods;
			sourceTree = "<group>";
		};
		8990E8F11E5BCFAB0050DD6F = {
			isa = PBXGroup;
			children = (
				89D2DDDE1E5BF7D000548048 /* Config */,
				8990E8FC1E5BCFAB0050DD6F /* SigningTest */,
				8990E8FB1E5BCFAB0050DD6F /* Products */,
				316383143A7C0C03988D1104 /* Pods */,
				AF492CFA24E92192DC6D36C9 /* Frameworks */,
				89D2DDE51E5D575D00548048 /* SigningTest-Bridging-Header.h */,
			);
			sourceTree = "<group>";
		};
		8990E8FB1E5BCFAB0050DD6F /* Products */ = {
			isa = PBXGroup;
			children = (
				8990E8FA1E5BCFAB0050DD6F /* DEBUGVALUEHERE.app */,
			);
			name = Products;
			sourceTree = "<group>";
		};
		8990E8FC1E5BCFAB0050DD6F /* SigningTest */ = {
			isa = PBXGroup;
			children = (
				8990E8FD1E5BCFAB0050DD6F /* AppDelegate.swift */,
				8990E8FF1E5BCFAB0050DD6F /* ViewController.swift */,
				8990E9011E5BCFAB0050DD6F /* Main.storyboard */,
				8990E9041E5BCFAB0050DD6F /* Assets.xcassets */,
				8990E9061E5BCFAB0050DD6F /* LaunchScreen.storyboard */,
				8990E9091E5BCFAB0050DD6F /* Info.plist */,
			);
			path = SigningTest;
			sourceTree = "<group>";
		};
		89D2DDDE1E5BF7D000548048 /* Config */ = {
			isa = PBXGroup;
			children = (
				89D2DDDF1E5BF7D000548048 /* Debug.xcconfig */,
				89D2DDE01E5BF7D000548048 /* Release.xcconfig */,
				89D2DDE11E5BF7D000548048 /* Staging.xcconfig */,
			);
			path = Config;
			sourceTree = "<group>";
		};
		AF492CFA24E92192DC6D36C9 /* Frameworks */ = {
			isa = PBXGroup;
			children = (
				9FCD2CEDB5A95CA80451FEA0 /* Pods_SigningTest.framework */,
			);
			name = Frameworks;
			sourceTree = "<group>";
		};
/* End PBXGroup section */

/* Begin PBXNativeTarget section */
		8990E8F91E5BCFAB0050DD6F /* SigningTest */ = {
			isa = PBXNativeTarget;
			buildConfigurationList = 8990E90C1E5BCFAB0050DD6F /* Build configuration list for PBXNativeTarget "SigningTest" */;
			buildPhases = (
				476BF86545CE62D860621B6C /* [CP] Check Pods Manifest.lock */,
				8990E8F61E5BCFAB0050DD6F /* Sources */,
				8990E8F71E5BCFAB0050DD6F /* Frameworks */,
				8990E8F81E5BCFAB0050DD6F /* Resources */,
				3836FAEFFF9C1F6CF18D0B42 /* [CP] Embed Pods Frameworks */,
				6F5718F66CBB36D872D9489F /* [CP] Copy Pods Resources */,
			);
			buildRules = (
			);
			dependencies = (
			);
			name = SigningTest;
			productName = SigningTest;
			productReference = 8990E8FA1E5BCFAB0050DD6F /* DEBUGVALUEHERE.app */;
			productType = "com.apple.product-type.application";
		};
/* End PBXNativeTarget section */

/* Begin PBXProject section */
		8990E8F21E5BCFAB0050DD6F /* Project object */ = {
			isa = PBXProject;
			attributes = {
				LastSwiftUpdateCheck = 0820;
				LastUpgradeCheck = 0820;
				TargetAttributes = {
					8990E8F91E5BCFAB0050DD6F = {
						CreatedOnToolsVersion = 8.2.1;
						DevelopmentTeam = YOURTEAMHERE;
						LastSwiftMigration = 0820;
						ProvisioningStyle = Manual;
					};
				};
			};
			buildConfigurationList = 8990E8F51E5BCFAB0050DD6F /* Build configuration list for PBXProject "SigningTest" */;
			compatibilityVersion = "Xcode 3.2";
			developmentRegion = English;
			hasScannedForEncodings = 0;
			knownRegions = (
				en,
				Base,
			);
			mainGroup = 8990E8F11E5BCFAB0050DD6F;
			productRefGroup = 8990E8FB1E5BCFAB0050DD6F /* Products */;
			projectDirPath = "";
			projectRoot = "";
			targets = (
				8990E8F91E5BCFAB0050DD6F /* SigningTest */,
			);
		};
/* End PBXProject section */

/* Begin PBXResourcesBuildPhase section */
		8990E8F81E5BCFAB0050DD6F /* Resources */ = {
			isa = PBXResourcesBuildPhase;
			buildActionMask = 2147483647;
			files = (
				8990E9081E5BCFAB0050DD6F /* LaunchScreen.storyboard in Resources */,
				8990E9051E5BCFAB0050DD6F /* Assets.xcassets in Resources */,
				8990E9031E5BCFAB0050DD6F /* Main.storyboard in Resources */,
			);
			runOnlyForDeploymentPostprocessing = 0;
		};
/* End PBXResourcesBuildPhase section */

/* Begin PBXShellScriptBuildPhase section */
		3836FAEFFF9C1F6CF18D0B42 /* [CP] Embed Pods Frameworks */ = {
			isa = PBXShellScriptBuildPhase;
			buildActionMask = 2147483647;
			files = (
			);
			inputPaths = (
			);
			name = "[CP] Embed Pods Frameworks";
			outputPaths = (
			);
			runOnlyForDeploymentPostprocessing = 0;
			shellPath = /bin/sh;
			shellScript = "\"${SRCROOT}/Pods/Target Support Files/Pods-SigningTest/Pods-SigningTest-frameworks.sh\"\n";
			showEnvVarsInLog = 0;
		};
		476BF86545CE62D860621B6C /* [CP] Check Pods Manifest.lock */ = {
			isa = PBXShellScriptBuildPhase;
			buildActionMask = 2147483647;
			files = (
			);
			inputPaths = (
			);
			name = "[CP] Check Pods Manifest.lock";
			outputPaths = (
			);
			runOnlyForDeploymentPostprocessing = 0;
			shellPath = /bin/sh;
			shellScript = "diff \"${PODS_ROOT}/../Podfile.lock\" \"${PODS_ROOT}/Manifest.lock\" > /dev/null\nif [ $? != 0 ] ; then\n    # print error to STDERR\n    echo \"error: The sandbox is not in sync with the Podfile.lock. Run 'pod install' or update your CocoaPods installation.\" >&2\n    exit 1\nfi\n";
			showEnvVarsInLog = 0;
		};
		6F5718F66CBB36D872D9489F /* [CP] Copy Pods Resources */ = {
			isa = PBXShellScriptBuildPhase;
			buildActionMask = 2147483647;
			files = (
			);
			inputPaths = (
			);
			name = "[CP] Copy Pods Resources";
			outputPaths = (
			);
			runOnlyForDeploymentPostprocessing = 0;
			shellPath = /bin/sh;
			shellScript = "\"${SRCROOT}/Pods/Target Support Files/Pods-SigningTest/Pods-SigningTest-resources.sh\"\n";
			showEnvVarsInLog = 0;
		};
/* End PBXShellScriptBuildPhase section */

/* Begin PBXSourcesBuildPhase section */
		8990E8F61E5BCFAB0050DD6F /* Sources */ = {
			isa = PBXSourcesBuildPhase;
			buildActionMask = 2147483647;
			files = (
				8990E9001E5BCFAB0050DD6F /* ViewController.swift in Sources */,
				8990E8FE1E5BCFAB0050DD6F /* AppDelegate.swift in Sources */,
			);
			runOnlyForDeploymentPostprocessing = 0;
		};
/* End PBXSourcesBuildPhase section */

/* Begin PBXVariantGroup section */
		8990E9011E5BCFAB0050DD6F /* Main.storyboard */ = {
			isa = PBXVariantGroup;
			children = (
				8990E9021E5BCFAB0050DD6F /* Base */,
			);
			name = Main.storyboard;
			sourceTree = "<group>";
		};
		8990E9061E5BCFAB0050DD6F /* LaunchScreen.storyboard */ = {
			isa = PBXVariantGroup;
			children = (
				8990E9071E5BCFAB0050DD6F /* Base */,
			);
			name = LaunchScreen.storyboard;
			sourceTree = "<group>";
		};
/* End PBXVariantGroup section */

/* Begin XCBuildConfiguration section */
		8990E90A1E5BCFAB0050DD6F /* Debug */ = {
			isa = XCBuildConfiguration;
			baseConfigurationReference = 89D2DDDF1E5BF7D000548048 /* Debug.xcconfig */;
			buildSettings = {
				ALWAYS_SEARCH_USER_PATHS = NO;
				CLANG_ANALYZER_NONNULL = YES;
				CLANG_CXX_LANGUAGE_STANDARD = "gnu++0x";
				CLANG_CXX_LIBRARY = "libc++";
				CLANG_ENABLE_MODULES = YES;
				CLANG_ENABLE_OBJC_ARC = YES;
				CLANG_WARN_BOOL_CONVERSION = YES;
				CLANG_WARN_CONSTANT_CONVERSION = YES;
				CLANG_WARN_DIRECT_OBJC_ISA_USAGE = YES_ERROR;
				CLANG_WARN_DOCUMENTATION_COMMENTS = YES;
				CLANG_WARN_EMPTY_BODY = YES;
				CLANG_WARN_ENUM_CONVERSION = YES;
				CLANG_WARN_INFINITE_RECURSION = YES;
				CLANG_WARN_INT_CONVERSION = YES;
				CLANG_WARN_OBJC_ROOT_CLASS = YES_ERROR;
				CLANG_WARN_SUSPICIOUS_MOVE = YES;
				CLANG_WARN_UNREACHABLE_CODE = YES;
				CLANG_WARN__DUPLICATE_METHOD_MATCH = YES;
				"CODE_SIGN_IDENTITY[sdk=iphoneos*]" = "iPhone Developer";
				COPY_PHASE_STRIP = NO;
				DEBUG_INFORMATION_FORMAT = dwarf;
				ENABLE_STRICT_OBJC_MSGSEND = YES;
				ENABLE_TESTABILITY = YES;
				GCC_C_LANGUAGE_STANDARD = gnu99;
				GCC_DYNAMIC_NO_PIC = NO;
				GCC_NO_COMMON_BLOCKS = YES;
				GCC_OPTIMIZATION_LEVEL = 0;
				GCC_PREPROCESSOR_DEFINITIONS = (
					"DEBUG=1",
					"$(inherited)",
				);
				GCC_WARN_64_TO_32_BIT_CONVERSION = YES;
				GCC_WARN_ABOUT_RETURN_TYPE = YES_ERROR;
				GCC_WARN_UNDECLARED_SELECTOR = YES;
				GCC_WARN_UNINITIALIZED_AUTOS = YES_AGGRESSIVE;
				GCC_WARN_UNUSED_FUNCTION = YES;
				GCC_WARN_UNUSED_VARIABLE = YES;
				IPHONEOS_DEPLOYMENT_TARGET = 10.2;
				MTL_ENABLE_DEBUG_INFO = YES;
				ONLY_ACTIVE_ARCH = YES;
				SDKROOT = iphoneos;
				SWIFT_ACTIVE_COMPILATION_CONDITIONS = DEBUG;
				SWIFT_OPTIMIZATION_LEVEL = "-Onone";
			};
			name = Debug;
		};
		8990E90B1E5BCFAB0050DD6F /* Release */ = {
			isa = XCBuildConfiguration;
			baseConfigurationReference = 89D2DDE01E5BF7D000548048 /* Release.xcconfig */;
			buildSettings = {
				ALWAYS_SEARCH_USER_PATHS = NO;
				CLANG_ANALYZER_NONNULL = YES;
				CLANG_CXX_LANGUAGE_STANDARD = "gnu++0x";
				CLANG_CXX_LIBRARY = "libc++";
				CLANG_ENABLE_MODULES = YES;
				CLANG_ENABLE_OBJC_ARC = YES;
				CLANG_WARN_BOOL_CONVERSION = YES;
				CLANG_WARN_CONSTANT_CONVERSION = YES;
				CLANG_WARN_DIRECT_OBJC_ISA_USAGE = YES_ERROR;
				CLANG_WARN_DOCUMENTATION_COMMENTS = YES;
				CLANG_WARN_EMPTY_BODY = YES;
				CLANG_WARN_ENUM_CONVERSION = YES;
				CLANG_WARN_INFINITE_RECURSION = YES;
				CLANG_WARN_INT_CONVERSION = YES;
				CLANG_WARN_OBJC_ROOT_CLASS = YES_ERROR;
				CLANG_WARN_SUSPICIOUS_MOVE = YES;
				CLANG_WARN_UNREACHABLE_CODE = YES;
				CLANG_WARN__DUPLICATE_METHOD_MATCH = YES;
				"CODE_SIGN_IDENTITY[sdk=iphoneos*]" = "iPhone Developer";
				COPY_PHASE_STRIP = NO;
				DEBUG_INFORMATION_FORMAT = "dwarf-with-dsym";
				ENABLE_NS_ASSERTIONS = NO;
				ENABLE_STRICT_OBJC_MSGSEND = YES;
				GCC_C_LANGUAGE_STANDARD = gnu99;
				GCC_NO_COMMON_BLOCKS = YES;
				GCC_WARN_64_TO_32_BIT_CONVERSION = YES;
				GCC_WARN_ABOUT_RETURN_TYPE = YES_ERROR;
				GCC_WARN_UNDECLARED_SELECTOR = YES;
				GCC_WARN_UNINITIALIZED_AUTOS = YES_AGGRESSIVE;
				GCC_WARN_UNUSED_FUNCTION = YES;
				GCC_WARN_UNUSED_VARIABLE = YES;
				IPHONEOS_DEPLOYMENT_TARGET = 10.2;
				MTL_ENABLE_DEBUG_INFO = NO;
				SDKROOT = iphoneos;
				SWIFT_OPTIMIZATION_LEVEL = "-Owholemodule";
				VALIDATE_PRODUCT = YES;
			};
			name = Release;
		};
		8990E90D1E5BCFAB0050DD6F /* Debug */ = {
			isa = XCBuildConfiguration;
			baseConfigurationReference = ADA688EC8FFE13B776280751 /* Pods-SigningTest.debug.xcconfig */;
			buildSettings = {
				ALWAYS_SEARCH_USER_PATHS = NO;
				ASSETCATALOG_COMPILER_APPICON_NAME = AppIcon;
				CLANG_ENABLE_MODULES = YES;
				"CODE_SIGN_IDENTITY[sdk=iphoneos*]" = "iPhone Developer";
				DEVELOPMENT_TEAM = YOURTEAMHERE;
				INFOPLIST_FILE = SigningTest/Info.plist;
				LD_RUNPATH_SEARCH_PATHS = "$(inherited) @executable_path/Frameworks";
				PRODUCT_BUNDLE_IDENTIFIER = "$(PRODUCT_BUNDLE_IDENTIFIER)";
				PRODUCT_NAME = "$(PRODUCT_NAME)";
				PROVISIONING_PROFILE = "";
				PROVISIONING_PROFILE_SPECIFIER = "$(PROVISIONING_PROFILE_SPECIFIER)";
				SWIFT_OBJC_BRIDGING_HEADER = "SigningTest-Bridging-Header.h";
				SWIFT_OPTIMIZATION_LEVEL = "-Onone";
				SWIFT_VERSION = 3.0;
			};
			name = Debug;
		};
		8990E90E1E5BCFAB0050DD6F /* Release */ = {
			isa = XCBuildConfiguration;
			baseConfigurationReference = 150D3FDB078C8DD314027A94 /* Pods-SigningTest.release.xcconfig */;
			buildSettings = {
				ALWAYS_SEARCH_USER_PATHS = NO;
				ASSETCATALOG_COMPILER_APPICON_NAME = AppIcon;
				CLANG_ENABLE_MODULES = YES;
				"CODE_SIGN_IDENTITY[sdk=iphoneos*]" = "iPhone Distribution";
				DEVELOPMENT_TEAM = YOURTEAMHERE;
				INFOPLIST_FILE = SigningTest/Info.plist;
				LD_RUNPATH_SEARCH_PATHS = "$(inherited) @executable_path/Frameworks";
				PRODUCT_BUNDLE_IDENTIFIER = "$(PRODUCT_BUNDLE_IDENTIFIER)";
				PRODUCT_NAME = "$(PRODUCT_NAME)";
				PROVISIONING_PROFILE = "";
				PROVISIONING_PROFILE_SPECIFIER = "$(PROVISIONING_PROFILE_SPECIFIER)";
				SWIFT_OBJC_BRIDGING_HEADER = "SigningTest-Bridging-Header.h";
				SWIFT_VERSION = 3.0;
			};
			name = Release;
		};
		8990E90F1E5BD0A60050DD6F /* Staging */ = {
			isa = XCBuildConfiguration;
			baseConfigurationReference = 89D2DDE11E5BF7D000548048 /* Staging.xcconfig */;
			buildSettings = {
				ALWAYS_SEARCH_USER_PATHS = NO;
				CLANG_ANALYZER_NONNULL = YES;
				CLANG_CXX_LANGUAGE_STANDARD = "gnu++0x";
				CLANG_CXX_LIBRARY = "libc++";
				CLANG_ENABLE_MODULES = YES;
				CLANG_ENABLE_OBJC_ARC = YES;
				CLANG_WARN_BOOL_CONVERSION = YES;
				CLANG_WARN_CONSTANT_CONVERSION = YES;
				CLANG_WARN_DIRECT_OBJC_ISA_USAGE = YES_ERROR;
				CLANG_WARN_DOCUMENTATION_COMMENTS = YES;
				CLANG_WARN_EMPTY_BODY = YES;
				CLANG_WARN_ENUM_CONVERSION = YES;
				CLANG_WARN_INFINITE_RECURSION = YES;
				CLANG_WARN_INT_CONVERSION = YES;
				CLANG_WARN_OBJC_ROOT_CLASS = YES_ERROR;
				CLANG_WARN_SUSPICIOUS_MOVE = YES;
				CLANG_WARN_UNREACHABLE_CODE = YES;
				CLANG_WARN__DUPLICATE_METHOD_MATCH = YES;
				"CODE_SIGN_IDENTITY[sdk=iphoneos*]" = "iPhone Developer";
				COPY_PHASE_STRIP = NO;
				DEBUG_INFORMATION_FORMAT = "dwarf-with-dsym";
				ENABLE_NS_ASSERTIONS = NO;
				ENABLE_STRICT_OBJC_MSGSEND = YES;
				GCC_C_LANGUAGE_STANDARD = gnu99;
				GCC_NO_COMMON_BLOCKS = YES;
				GCC_WARN_64_TO_32_BIT_CONVERSION = YES;
				GCC_WARN_ABOUT_RETURN_TYPE = YES_ERROR;
				GCC_WARN_UNDECLARED_SELECTOR = YES;
				GCC_WARN_UNINITIALIZED_AUTOS = YES_AGGRESSIVE;
				GCC_WARN_UNUSED_FUNCTION = YES;
				GCC_WARN_UNUSED_VARIABLE = YES;
				IPHONEOS_DEPLOYMENT_TARGET = 10.2;
				MTL_ENABLE_DEBUG_INFO = NO;
				SDKROOT = iphoneos;
				SWIFT_OPTIMIZATION_LEVEL = "-Owholemodule";
				VALIDATE_PRODUCT = YES;
			};
			name = Staging;
		};
		8990E9101E5BD0A60050DD6F /* Staging */ = {
			isa = XCBuildConfiguration;
			baseConfigurationReference = 537B960ED2BDB865470DF836 /* Pods-SigningTest.staging.xcconfig */;
			buildSettings = {
				ALWAYS_SEARCH_USER_PATHS = NO;
				ASSETCATALOG_COMPILER_APPICON_NAME = AppIcon;
				CLANG_ENABLE_MODULES = YES;
				"CODE_SIGN_IDENTITY[sdk=iphoneos*]" = "iPhone Distribution";
				DEVELOPMENT_TEAM = YOURTEAMHERE;
				INFOPLIST_FILE = SigningTest/Info.plist;
				LD_RUNPATH_SEARCH_PATHS = "$(inherited) @executable_path/Frameworks";
				PRODUCT_BUNDLE_IDENTIFIER = "$(PRODUCT_BUNDLE_IDENTIFIER)";
				PRODUCT_NAME = "$(PRODUCT_NAME)";
				PROVISIONING_PROFILE = "";
				PROVISIONING_PROFILE_SPECIFIER = "$(PROVISIONING_PROFILE_SPECIFIER)";
				SWIFT_OBJC_BRIDGING_HEADER = "SigningTest-Bridging-Header.h";
				SWIFT_VERSION = 3.0;
			};
			name = Staging;
		};
/* End XCBuildConfiguration section */

/* Begin XCConfigurationList section */
		8990E8F51E5BCFAB0050DD6F /* Build configuration list for PBXProject "SigningTest" */ = {
			isa = XCConfigurationList;
			buildConfigurations = (
				8990E90A1E5BCFAB0050DD6F /* Debug */,
				8990E90B1E5BCFAB0050DD6F /* Release */,
				8990E90F1E5BD0A60050DD6F /* Staging */,
			);
			defaultConfigurationIsVisible = 0;
			defaultConfigurationName = Release;
		};
		8990E90C1E5BCFAB0050DD6F /* Build configuration list for PBXNativeTarget "SigningTest" */ = {
			isa = XCConfigurationList;
			buildConfigurations = (
				8990E90D1E5BCFAB0050DD6F /* Debug */,
				8990E90E1E5BCFAB0050DD6F /* Release */,
				8990E9101E5BD0A60050DD6F /* Staging */,
			);
			defaultConfigurationIsVisible = 0;
			defaultConfigurationName = Release;
		};
/* End XCConfigurationList section */
	};
	rootObject = 8990E8F21E5BCFAB0050DD6F /* Project object */;
}
